
Microsoft Visual Studio Solution File, Format Version 12.00
# Visual Studio 15
VisualStudioVersion = 15.0.26823.1
MinimumVisualStudioVersion = 10.0.40219.1
Project("{FAE04EC0-301F-11D3-BF4B-00C04F79EFBC}") = "ExcelRibbon", "ExcelRibbon\ExcelRibbon.csproj", "{5056E803-B7EA-49B7-B77C-B270DE3FF822}"
EndProject
Project("{FAE04EC0-301F-11D3-BF4B-00C04F79EFBC}") = "RibbonDispatcherX", "RibbonDispatcherX\RibbonDispatcherX.csproj", "{BD438F48-A571-4ACE-979A-804179456324}"
EndProject
Project("{F184B08F-C81C-45F6-A57F-5ABD9991F28F}") = "LinksAnalyzerOld", "LinksAnalyzer\LinksAnalyzerOld.vbproj", "{6E4C970B-4D04-4356-A684-92EE45F7B92B}"
EndProject
Global
	GlobalSection(SolutionConfigurationPlatforms) = preSolution
		Debug|Any CPU = Debug|Any CPU
		Release|Any CPU = Release|Any CPU
	EndGlobalSection
	GlobalSection(ProjectConfigurationPlatforms) = postSolution
		{5056E803-B7EA-49B7-B77C-B270DE3FF822}.Debug|Any CPU.ActiveCfg = Debug|Any CPU
		{5056E803-B7EA-49B7-B77C-B270DE3FF822}.Debug|Any CPU.Build.0 = Debug|Any CPU
		{5056E803-B7EA-49B7-B77C-B270DE3FF822}.Release|Any CPU.ActiveCfg = Release|Any CPU
		{5056E803-B7EA-49B7-B77C-B270DE3FF822}.Release|Any CPU.Build.0 = Release|Any CPU
		{BD438F48-A571-4ACE-979A-804179456324}.Debug|Any CPU.ActiveCfg = Debug|Any CPU
		{BD438F48-A571-4ACE-979A-804179456324}.Debug|Any CPU.Build.0 = Debug|Any CPU
		{BD438F48-A571-4ACE-979A-804179456324}.Release|Any CPU.ActiveCfg = Release|Any CPU
		{BD438F48-A571-4ACE-979A-804179456324}.Release|Any CPU.Build.0 = Release|Any CPU
		{6E4C970B-4D04-4356-A684-92EE45F7B92B}.Debug|Any CPU.ActiveCfg = Debug|Any CPU
		{6E4C970B-4D04-4356-A684-92EE45F7B92B}.Debug|Any CPU.Build.0 = Debug|Any CPU
		{6E4C970B-4D04-4356-A684-92EE45F7B92B}.Release|Any CPU.ActiveCfg = Release|Any CPU
		{6E4C970B-4D04-4356-A684-92EE45F7B92B}.Release|Any CPU.Build.0 = Release|Any CPU
	EndGlobalSection
	GlobalSection(SolutionProperties) = preSolution
		HideSolutionNode = FALSE
	EndGlobalSection
	GlobalSection(ExtensibilityGlobals) = postSolution
		SolutionGuid = {9223DD8E-B3AC-4655-9F91-E993E280B8A0}
	EndGlobalSection
EndGlobal
